
Microsoft Visual Studio Solution File, Format Version 12.00
# Visual Studio Version 17
VisualStudioVersion = 17.4.33110.190
MinimumVisualStudioVersion = 10.0.40219.1
Project("{FAE04EC0-301F-11D3-BF4B-00C04F79EFBC}") = "Project1", "Project1\Project1.csproj", "{687E845A-1358-4335-A9CC-28B58D372E20}"
EndProject
Global
	GlobalSection(SolutionConfigurationPlatforms) = preSolution
		Debug|Any CPU = Debug|Any CPU
		Release|Any CPU = Release|Any CPU
	EndGlobalSection
	GlobalSection(ProjectConfigurationPlatforms) = postSolution
		{687E845A-1358-4335-A9CC-28B58D372E20}.Debug|Any CPU.ActiveCfg = Debug|Any CPU
		{687E845A-1358-4335-A9CC-28B58D372E20}.Debug|Any CPU.Build.0 = Debug|Any CPU
		{687E845A-1358-4335-A9CC-28B58D372E20}.Release|Any CPU.ActiveCfg = Release|Any CPU
		{687E845A-1358-4335-A9CC-28B58D372E20}.Release|Any CPU.Build.0 = Release|Any CPU
	EndGlobalSection
	GlobalSection(SolutionProperties) = preSolution
		HideSolutionNode = FALSE
	EndGlobalSection
	GlobalSection(ExtensibilityGlobals) = postSolution
		SolutionGuid = {89AACCDB-CC0D-4F50-8273-2161F441518F}
	EndGlobalSection
EndGlobal
